
Microsoft Visual Studio Solution File, Format Version 12.00
# Visual Studio Version 16
VisualStudioVersion = 16.0.29503.13
MinimumVisualStudioVersion = 10.0.40219.1
Project("{FAE04EC0-301F-11D3-BF4B-00C04F79EFBC}") = "CombinationSample", "CombinationSample\CombinationSample.csproj", "{5BFC8400-9BC2-4E7D-9B92-E3B87A96F991}"
EndProject
Global
	GlobalSection(SolutionConfigurationPlatforms) = preSolution
		Debug|Any CPU = Debug|Any CPU
		Release|Any CPU = Release|Any CPU
	EndGlobalSection
	GlobalSection(ProjectConfigurationPlatforms) = postSolution
		{5BFC8400-9BC2-4E7D-9B92-E3B87A96F991}.Debug|Any CPU.ActiveCfg = Debug|Any CPU
		{5BFC8400-9BC2-4E7D-9B92-E3B87A96F991}.Debug|Any CPU.Build.0 = Debug|Any CPU
		{5BFC8400-9BC2-4E7D-9B92-E3B87A96F991}.Release|Any CPU.ActiveCfg = Release|Any CPU
		{5BFC8400-9BC2-4E7D-9B92-E3B87A96F991}.Release|Any CPU.Build.0 = Release|Any CPU
	EndGlobalSection
	GlobalSection(SolutionProperties) = preSolution
		HideSolutionNode = FALSE
	EndGlobalSection
	GlobalSection(ExtensibilityGlobals) = postSolution
		SolutionGuid = {569BCF98-9DDC-442D-82CE-ADB12A7CD665}
	EndGlobalSection
EndGlobal
